
Microsoft Visual Studio Solution File, Format Version 12.00
# Visual Studio Version 17
VisualStudioVersion = 17.11.35222.181
MinimumVisualStudioVersion = 10.0.40219.1
Project("{FAE04EC0-301F-11D3-BF4B-00C04F79EFBC}") = "J3P2 Csharp Expert", "J3P2 Csharp Expert.csproj", "{CF4E4F31-E111-4FB7-9774-D7301A906E52}"
EndProject
Global
	GlobalSection(SolutionConfigurationPlatforms) = preSolution
		Debug|Any CPU = Debug|Any CPU
		Release|Any CPU = Release|Any CPU
	EndGlobalSection
	GlobalSection(ProjectConfigurationPlatforms) = postSolution
		{CF4E4F31-E111-4FB7-9774-D7301A906E52}.Debug|Any CPU.ActiveCfg = Debug|Any CPU
		{CF4E4F31-E111-4FB7-9774-D7301A906E52}.Debug|Any CPU.Build.0 = Debug|Any CPU
		{CF4E4F31-E111-4FB7-9774-D7301A906E52}.Release|Any CPU.ActiveCfg = Release|Any CPU
		{CF4E4F31-E111-4FB7-9774-D7301A906E52}.Release|Any CPU.Build.0 = Release|Any CPU
	EndGlobalSection
	GlobalSection(SolutionProperties) = preSolution
		HideSolutionNode = FALSE
	EndGlobalSection
	GlobalSection(ExtensibilityGlobals) = postSolution
		SolutionGuid = {2472C944-947A-441E-8DA3-12A894C369A3}
	EndGlobalSection
EndGlobal
